
Microsoft Visual Studio Solution File, Format Version 12.00
# Visual Studio 15
VisualStudioVersion = 15.0.27130.2020
MinimumVisualStudioVersion = 10.0.40219.1
Project("{FAE04EC0-301F-11D3-BF4B-00C04F79EFBC}") = "Monogame_Utilities", "Monogame_Utilities.csproj", "{35D95197-C20C-4970-9A06-41B08B1D243C}"
EndProject
Global
	GlobalSection(SolutionConfigurationPlatforms) = preSolution
		Debug|Any CPU = Debug|Any CPU
		Release|Any CPU = Release|Any CPU
	EndGlobalSection
	GlobalSection(ProjectConfigurationPlatforms) = postSolution
		{35D95197-C20C-4970-9A06-41B08B1D243C}.Debug|Any CPU.ActiveCfg = Debug|Any CPU
		{35D95197-C20C-4970-9A06-41B08B1D243C}.Debug|Any CPU.Build.0 = Debug|Any CPU
		{35D95197-C20C-4970-9A06-41B08B1D243C}.Release|Any CPU.ActiveCfg = Release|Any CPU
		{35D95197-C20C-4970-9A06-41B08B1D243C}.Release|Any CPU.Build.0 = Release|Any CPU
	EndGlobalSection
	GlobalSection(SolutionProperties) = preSolution
		HideSolutionNode = FALSE
	EndGlobalSection
	GlobalSection(ExtensibilityGlobals) = postSolution
		SolutionGuid = {69DB9266-EE20-4084-B2CB-1B1053045976}
	EndGlobalSection
EndGlobal
